
Microsoft Visual Studio Solution File, Format Version 12.00
# Visual Studio Version 17
VisualStudioVersion = 17.0.32112.339
MinimumVisualStudioVersion = 10.0.40219.1
Project("{9A19103F-16F7-4668-BE54-9A1E7A4F7556}") = "Framework.LeadsManager.Api", "Framework.LeadsManager.Api\Framework.LeadsManager.Api.csproj", "{C2F958EA-EA2C-4823-864E-1E9241D752FD}"
EndProject
Project("{2150E333-8FDC-42A3-9474-1A3956D46DE8}") = "src", "src", "{B1FB1FCA-9210-431A-8ACA-CC304E441E1D}"
EndProject
Project("{2150E333-8FDC-42A3-9474-1A3956D46DE8}") = "tests", "tests", "{04F0D599-A5E0-486B-8A96-925E6A01A06F}"
EndProject
Project("{9A19103F-16F7-4668-BE54-9A1E7A4F7556}") = "Framework.LeadsManager.Infrastructure.Data", "Framework.LeadsManager.Infrastructure.Data\Framework.LeadsManager.Infrastructure.Data.csproj", "{1EB1C83A-27C2-4FCF-9CEA-E2519EFE21F0}"
EndProject
Project("{9A19103F-16F7-4668-BE54-9A1E7A4F7556}") = "Framework.LeadsManager.Infrastructure.Components", "Framework.LeadsManager.Infrastructure.Components\Framework.LeadsManager.Infrastructure.Components.csproj", "{8E074ED6-6D35-422D-B887-47C00557AC64}"
EndProject
Project("{9A19103F-16F7-4668-BE54-9A1E7A4F7556}") = "Framework.LeadsManager.Domain", "Framework.LeadsManager.Domain\Framework.LeadsManager.Domain.csproj", "{DBE76454-CD3F-4A3A-9999-DB74E383365F}"
EndProject
Project("{9A19103F-16F7-4668-BE54-9A1E7A4F7556}") = "Framework.LeadsManager.Application", "Framework.LeadsManager.Application\Framework.LeadsManager.Application.csproj", "{A8E65D6E-CE17-41FD-9497-4031F0B152FD}"
EndProject
Project("{9A19103F-16F7-4668-BE54-9A1E7A4F7556}") = "Framework.LeadsManager.Application.Tests", "Framework.LeadsManager.Application.Tests\Framework.LeadsManager.Application.Tests.csproj", "{7CB9C50F-853C-426A-A7E0-688A0D537BF4}"
EndProject
Global
	GlobalSection(SolutionConfigurationPlatforms) = preSolution
		Debug|Any CPU = Debug|Any CPU
		Release|Any CPU = Release|Any CPU
	EndGlobalSection
	GlobalSection(ProjectConfigurationPlatforms) = postSolution
		{C2F958EA-EA2C-4823-864E-1E9241D752FD}.Debug|Any CPU.ActiveCfg = Debug|Any CPU
		{C2F958EA-EA2C-4823-864E-1E9241D752FD}.Debug|Any CPU.Build.0 = Debug|Any CPU
		{C2F958EA-EA2C-4823-864E-1E9241D752FD}.Release|Any CPU.ActiveCfg = Release|Any CPU
		{C2F958EA-EA2C-4823-864E-1E9241D752FD}.Release|Any CPU.Build.0 = Release|Any CPU
		{1EB1C83A-27C2-4FCF-9CEA-E2519EFE21F0}.Debug|Any CPU.ActiveCfg = Debug|Any CPU
		{1EB1C83A-27C2-4FCF-9CEA-E2519EFE21F0}.Debug|Any CPU.Build.0 = Debug|Any CPU
		{1EB1C83A-27C2-4FCF-9CEA-E2519EFE21F0}.Release|Any CPU.ActiveCfg = Release|Any CPU
		{1EB1C83A-27C2-4FCF-9CEA-E2519EFE21F0}.Release|Any CPU.Build.0 = Release|Any CPU
		{8E074ED6-6D35-422D-B887-47C00557AC64}.Debug|Any CPU.ActiveCfg = Debug|Any CPU
		{8E074ED6-6D35-422D-B887-47C00557AC64}.Debug|Any CPU.Build.0 = Debug|Any CPU
		{8E074ED6-6D35-422D-B887-47C00557AC64}.Release|Any CPU.ActiveCfg = Release|Any CPU
		{8E074ED6-6D35-422D-B887-47C00557AC64}.Release|Any CPU.Build.0 = Release|Any CPU
		{DBE76454-CD3F-4A3A-9999-DB74E383365F}.Debug|Any CPU.ActiveCfg = Debug|Any CPU
		{DBE76454-CD3F-4A3A-9999-DB74E383365F}.Debug|Any CPU.Build.0 = Debug|Any CPU
		{DBE76454-CD3F-4A3A-9999-DB74E383365F}.Release|Any CPU.ActiveCfg = Release|Any CPU
		{DBE76454-CD3F-4A3A-9999-DB74E383365F}.Release|Any CPU.Build.0 = Release|Any CPU
		{A8E65D6E-CE17-41FD-9497-4031F0B152FD}.Debug|Any CPU.ActiveCfg = Debug|Any CPU
		{A8E65D6E-CE17-41FD-9497-4031F0B152FD}.Debug|Any CPU.Build.0 = Debug|Any CPU
		{A8E65D6E-CE17-41FD-9497-4031F0B152FD}.Release|Any CPU.ActiveCfg = Release|Any CPU
		{A8E65D6E-CE17-41FD-9497-4031F0B152FD}.Release|Any CPU.Build.0 = Release|Any CPU
		{7CB9C50F-853C-426A-A7E0-688A0D537BF4}.Debug|Any CPU.ActiveCfg = Debug|Any CPU
		{7CB9C50F-853C-426A-A7E0-688A0D537BF4}.Debug|Any CPU.Build.0 = Debug|Any CPU
		{7CB9C50F-853C-426A-A7E0-688A0D537BF4}.Release|Any CPU.ActiveCfg = Release|Any CPU
		{7CB9C50F-853C-426A-A7E0-688A0D537BF4}.Release|Any CPU.Build.0 = Release|Any CPU
	EndGlobalSection
	GlobalSection(SolutionProperties) = preSolution
		HideSolutionNode = FALSE
	EndGlobalSection
	GlobalSection(NestedProjects) = preSolution
		{C2F958EA-EA2C-4823-864E-1E9241D752FD} = {B1FB1FCA-9210-431A-8ACA-CC304E441E1D}
		{1EB1C83A-27C2-4FCF-9CEA-E2519EFE21F0} = {B1FB1FCA-9210-431A-8ACA-CC304E441E1D}
		{8E074ED6-6D35-422D-B887-47C00557AC64} = {B1FB1FCA-9210-431A-8ACA-CC304E441E1D}
		{DBE76454-CD3F-4A3A-9999-DB74E383365F} = {B1FB1FCA-9210-431A-8ACA-CC304E441E1D}
		{A8E65D6E-CE17-41FD-9497-4031F0B152FD} = {B1FB1FCA-9210-431A-8ACA-CC304E441E1D}
		{7CB9C50F-853C-426A-A7E0-688A0D537BF4} = {04F0D599-A5E0-486B-8A96-925E6A01A06F}
	EndGlobalSection
	GlobalSection(ExtensibilityGlobals) = postSolution
		SolutionGuid = {A8F4F334-1872-4048-8AB8-F6C8E1FF83C2}
	EndGlobalSection
EndGlobal
